// !$*UTF8*$!
{
	archiveVersion = 1;
	classes = {
	};
	objectVersion = 77;
	objects = {

/* Begin PBXBuildFile section */
		3AC3A5D12C8AB060AAA4ED7F /* Pods_RETIREMENT.framework in Frameworks */ = {isa = PBXBuildFile; fileRef = 1D4793B2C1C8BF5306FE0AF6 /* Pods_RETIREMENT.framework */; };
		D1FC99BA7474744AC54247E9 /* Pods_RETIREMENT_RETIREMENTUITests.framework in Frameworks */ = {isa = PBXBuildFile; fileRef = 7C59D070B49939C94FA31C9C /* Pods_RETIREMENT_RETIREMENTUITests.framework */; };
		E664F70A758D6196D36B3712 /* Pods_RETIREMENTTests.framework in Frameworks */ = {isa = PBXBuildFile; fileRef = 263F807BEC127B88070CED1C /* Pods_RETIREMENTTests.framework */; };
/* End PBXBuildFile section */

/* Begin PBXContainerItemProxy section */
		69096D0F2D595A8700D80ED6 /* PBXContainerItemProxy */ = {
			isa = PBXContainerItemProxy;
			containerPortal = 69096CF62D595A8600D80ED6 /* Project object */;
			proxyType = 1;
			remoteGlobalIDString = 69096CFD2D595A8600D80ED6;
			remoteInfo = RETIREMENT;
		};
		69096D192D595A8700D80ED6 /* PBXContainerItemProxy */ = {
			isa = PBXContainerItemProxy;
			containerPortal = 69096CF62D595A8600D80ED6 /* Project object */;
			proxyType = 1;
			remoteGlobalIDString = 69096CFD2D595A8600D80ED6;
			remoteInfo = RETIREMENT;
		};
/* End PBXContainerItemProxy section */

/* Begin PBXFileReference section */
		1D4793B2C1C8BF5306FE0AF6 /* Pods_RETIREMENT.framework */ = {isa = PBXFileReference; explicitFileType = wrapper.framework; includeInIndex = 0; path = Pods_RETIREMENT.framework; sourceTree = BUILT_PRODUCTS_DIR; };
		263F807BEC127B88070CED1C /* Pods_RETIREMENTTests.framework */ = {isa = PBXFileReference; explicitFileType = wrapper.framework; includeInIndex = 0; path = Pods_RETIREMENTTests.framework; sourceTree = BUILT_PRODUCTS_DIR; };
		2A868BE24B711B22DCD40E6A /* Pods-RETIREMENTTests.release.xcconfig */ = {isa = PBXFileReference; includeInIndex = 1; lastKnownFileType = text.xcconfig; name = "Pods-RETIREMENTTests.release.xcconfig"; path = "Target Support Files/Pods-RETIREMENTTests/Pods-RETIREMENTTests.release.xcconfig"; sourceTree = "<group>"; };
		434287EC3608BB1FABCCA797 /* Pods-RETIREMENT-RETIREMENTUITests.debug.xcconfig */ = {isa = PBXFileReference; includeInIndex = 1; lastKnownFileType = text.xcconfig; name = "Pods-RETIREMENT-RETIREMENTUITests.debug.xcconfig"; path = "Target Support Files/Pods-RETIREMENT-RETIREMENTUITests/Pods-RETIREMENT-RETIREMENTUITests.debug.xcconfig"; sourceTree = "<group>"; };
		69096CFE2D595A8600D80ED6 /* RETIREMENT.app */ = {isa = PBXFileReference; explicitFileType = wrapper.application; includeInIndex = 0; path = RETIREMENT.app; sourceTree = BUILT_PRODUCTS_DIR; };
		69096D0E2D595A8700D80ED6 /* RETIREMENTTests.xctest */ = {isa = PBXFileReference; explicitFileType = wrapper.cfbundle; includeInIndex = 0; path = RETIREMENTTests.xctest; sourceTree = BUILT_PRODUCTS_DIR; };
		69096D182D595A8700D80ED6 /* RETIREMENTUITests.xctest */ = {isa = PBXFileReference; explicitFileType = wrapper.cfbundle; includeInIndex = 0; path = RETIREMENTUITests.xctest; sourceTree = BUILT_PRODUCTS_DIR; };
		7C59D070B49939C94FA31C9C /* Pods_RETIREMENT_RETIREMENTUITests.framework */ = {isa = PBXFileReference; explicitFileType = wrapper.framework; includeInIndex = 0; path = Pods_RETIREMENT_RETIREMENTUITests.framework; sourceTree = BUILT_PRODUCTS_DIR; };
		ACEBE1DE6F35A78D205A3571 /* Pods-RETIREMENT-RETIREMENTUITests.release.xcconfig */ = {isa = PBXFileReference; includeInIndex = 1; lastKnownFileType = text.xcconfig; name = "Pods-RETIREMENT-RETIREMENTUITests.release.xcconfig"; path = "Target Support Files/Pods-RETIREMENT-RETIREMENTUITests/Pods-RETIREMENT-RETIREMENTUITests.release.xcconfig"; sourceTree = "<group>"; };
		CA16AFFD2B24D256C347EDF8 /* Pods-RETIREMENT.debug.xcconfig */ = {isa = PBXFileReference; includeInIndex = 1; lastKnownFileType = text.xcconfig; name = "Pods-RETIREMENT.debug.xcconfig"; path = "Target Support Files/Pods-RETIREMENT/Pods-RETIREMENT.debug.xcconfig"; sourceTree = "<group>"; };
		DA42FD36BEAB6720AFC1C796 /* Pods-RETIREMENTTests.debug.xcconfig */ = {isa = PBXFileReference; includeInIndex = 1; lastKnownFileType = text.xcconfig; name = "Pods-RETIREMENTTests.debug.xcconfig"; path = "Target Support Files/Pods-RETIREMENTTests/Pods-RETIREMENTTests.debug.xcconfig"; sourceTree = "<group>"; };
		DAC1BFC58A4A32CEAB98EC20 /* Pods-RETIREMENT.release.xcconfig */ = {isa = PBXFileReference; includeInIndex = 1; lastKnownFileType = text.xcconfig; name = "Pods-RETIREMENT.release.xcconfig"; path = "Target Support Files/Pods-RETIREMENT/Pods-RETIREMENT.release.xcconfig"; sourceTree = "<group>"; };
/* End PBXFileReference section */

/* Begin PBXFileSystemSynchronizedBuildFileExceptionSet section */
		6950083D2D987BA3006DACF4 /* Exceptions for "RETIREMENT" folder in "RETIREMENT" target */ = {
			isa = PBXFileSystemSynchronizedBuildFileExceptionSet;
			membershipExceptions = (
				Info.plist,
			);
			target = 69096CFD2D595A8600D80ED6 /* RETIREMENT */;
		};
/* End PBXFileSystemSynchronizedBuildFileExceptionSet section */

/* Begin PBXFileSystemSynchronizedRootGroup section */
		69096D002D595A8600D80ED6 /* RETIREMENT */ = {
			isa = PBXFileSystemSynchronizedRootGroup;
			exceptions = (
				6950083D2D987BA3006DACF4 /* Exceptions for "RETIREMENT" folder in "RETIREMENT" target */,
			);
			path = RETIREMENT;
			sourceTree = "<group>";
		};
		69096D112D595A8700D80ED6 /* RETIREMENTTests */ = {
			isa = PBXFileSystemSynchronizedRootGroup;
			path = RETIREMENTTests;
			sourceTree = "<group>";
		};
		69096D1B2D595A8700D80ED6 /* RETIREMENTUITests */ = {
			isa = PBXFileSystemSynchronizedRootGroup;
			path = RETIREMENTUITests;
			sourceTree = "<group>";
		};
/* End PBXFileSystemSynchronizedRootGroup section */

/* Begin PBXFrameworksBuildPhase section */
		69096CFB2D595A8600D80ED6 /* Frameworks */ = {
			isa = PBXFrameworksBuildPhase;
			buildActionMask = 2147483647;
			files = (
				3AC3A5D12C8AB060AAA4ED7F /* Pods_RETIREMENT.framework in Frameworks */,
			);
			runOnlyForDeploymentPostprocessing = 0;
		};
		69096D0B2D595A8700D80ED6 /* Frameworks */ = {
			isa = PBXFrameworksBuildPhase;
			buildActionMask = 2147483647;
			files = (
				E664F70A758D6196D36B3712 /* Pods_RETIREMENTTests.framework in Frameworks */,
			);
			runOnlyForDeploymentPostprocessing = 0;
		};
		69096D152D595A8700D80ED6 /* Frameworks */ = {
			isa = PBXFrameworksBuildPhase;
			buildActionMask = 2147483647;
			files = (
				D1FC99BA7474744AC54247E9 /* Pods_RETIREMENT_RETIREMENTUITests.framework in Frameworks */,
			);
			runOnlyForDeploymentPostprocessing = 0;
		};
/* End PBXFrameworksBuildPhase section */

/* Begin PBXGroup section */
		69096CF52D595A8600D80ED6 = {
			isa = PBXGroup;
			children = (
				69096D002D595A8600D80ED6 /* RETIREMENT */,
				69096D112D595A8700D80ED6 /* RETIREMENTTests */,
				69096D1B2D595A8700D80ED6 /* RETIREMENTUITests */,
				69096CFF2D595A8600D80ED6 /* Products */,
				9578F3F807DA8D5793452342 /* Pods */,
				98985D0E56023FAF9EF97725 /* Frameworks */,
			);
			sourceTree = "<group>";
		};
		69096CFF2D595A8600D80ED6 /* Products */ = {
			isa = PBXGroup;
			children = (
				69096CFE2D595A8600D80ED6 /* RETIREMENT.app */,
				69096D0E2D595A8700D80ED6 /* RETIREMENTTests.xctest */,
				69096D182D595A8700D80ED6 /* RETIREMENTUITests.xctest */,
			);
			name = Products;
			sourceTree = "<group>";
		};
		9578F3F807DA8D5793452342 /* Pods */ = {
			isa = PBXGroup;
			children = (
				CA16AFFD2B24D256C347EDF8 /* Pods-RETIREMENT.debug.xcconfig */,
				DAC1BFC58A4A32CEAB98EC20 /* Pods-RETIREMENT.release.xcconfig */,
				434287EC3608BB1FABCCA797 /* Pods-RETIREMENT-RETIREMENTUITests.debug.xcconfig */,
				ACEBE1DE6F35A78D205A3571 /* Pods-RETIREMENT-RETIREMENTUITests.release.xcconfig */,
				DA42FD36BEAB6720AFC1C796 /* Pods-RETIREMENTTests.debug.xcconfig */,
				2A868BE24B711B22DCD40E6A /* Pods-RETIREMENTTests.release.xcconfig */,
			);
			path = Pods;
			sourceTree = "<group>";
		};
		98985D0E56023FAF9EF97725 /* Frameworks */ = {
			isa = PBXGroup;
			children = (
				1D4793B2C1C8BF5306FE0AF6 /* Pods_RETIREMENT.framework */,
				7C59D070B49939C94FA31C9C /* Pods_RETIREMENT_RETIREMENTUITests.framework */,
				263F807BEC127B88070CED1C /* Pods_RETIREMENTTests.framework */,
			);
			name = Frameworks;
			sourceTree = "<group>";
		};
/* End PBXGroup section */

/* Begin PBXNativeTarget section */
		69096CFD2D595A8600D80ED6 /* RETIREMENT */ = {
			isa = PBXNativeTarget;
			buildConfigurationList = 69096D222D595A8700D80ED6 /* Build configuration list for PBXNativeTarget "RETIREMENT" */;
			buildPhases = (
				C54272763A8D27CB419B83FC /* [CP] Check Pods Manifest.lock */,
				69096CFA2D595A8600D80ED6 /* Sources */,
				69096CFB2D595A8600D80ED6 /* Frameworks */,
				69096CFC2D595A8600D80ED6 /* Resources */,
				011F45AC99B6093AB94202AF /* [CP] Copy Pods Resources */,
			);
			buildRules = (
			);
			dependencies = (
			);
			fileSystemSynchronizedGroups = (
				69096D002D595A8600D80ED6 /* RETIREMENT */,
			);
			name = RETIREMENT;
			productName = RETIREMENT;
			productReference = 69096CFE2D595A8600D80ED6 /* RETIREMENT.app */;
			productType = "com.apple.product-type.application";
		};
		69096D0D2D595A8700D80ED6 /* RETIREMENTTests */ = {
			isa = PBXNativeTarget;
			buildConfigurationList = 69096D252D595A8700D80ED6 /* Build configuration list for PBXNativeTarget "RETIREMENTTests" */;
			buildPhases = (
				2BF3A03E8A44A70F5BBAAD5E /* [CP] Check Pods Manifest.lock */,
				69096D0A2D595A8700D80ED6 /* Sources */,
				69096D0B2D595A8700D80ED6 /* Frameworks */,
				69096D0C2D595A8700D80ED6 /* Resources */,
			);
			buildRules = (
			);
			dependencies = (
				69096D102D595A8700D80ED6 /* PBXTargetDependency */,
			);
			fileSystemSynchronizedGroups = (
				69096D112D595A8700D80ED6 /* RETIREMENTTests */,
			);
			name = RETIREMENTTests;
			productName = RETIREMENTTests;
			productReference = 69096D0E2D595A8700D80ED6 /* RETIREMENTTests.xctest */;
			productType = "com.apple.product-type.bundle.unit-test";
		};
		69096D172D595A8700D80ED6 /* RETIREMENTUITests */ = {
			isa = PBXNativeTarget;
			buildConfigurationList = 69096D282D595A8700D80ED6 /* Build configuration list for PBXNativeTarget "RETIREMENTUITests" */;
			buildPhases = (
				406DCC826CDE7A3C3536C375 /* [CP] Check Pods Manifest.lock */,
				69096D142D595A8700D80ED6 /* Sources */,
				69096D152D595A8700D80ED6 /* Frameworks */,
				69096D162D595A8700D80ED6 /* Resources */,
				F4E7C8E42884855A58307FF8 /* [CP] Copy Pods Resources */,
			);
			buildRules = (
			);
			dependencies = (
				69096D1A2D595A8700D80ED6 /* PBXTargetDependency */,
			);
			fileSystemSynchronizedGroups = (
				69096D1B2D595A8700D80ED6 /* RETIREMENTUITests */,
			);
			name = RETIREMENTUITests;
			productName = RETIREMENTUITests;
			productReference = 69096D182D595A8700D80ED6 /* RETIREMENTUITests.xctest */;
			productType = "com.apple.product-type.bundle.ui-testing";
		};
/* End PBXNativeTarget section */

/* Begin PBXProject section */
		69096CF62D595A8600D80ED6 /* Project object */ = {
			isa = PBXProject;
			attributes = {
				BuildIndependentTargetsInParallel = 1;
				LastSwiftUpdateCheck = 1620;
				LastUpgradeCheck = 1620;
				TargetAttributes = {
					69096CFD2D595A8600D80ED6 = {
						CreatedOnToolsVersion = 16.2;
					};
					69096D0D2D595A8700D80ED6 = {
						CreatedOnToolsVersion = 16.2;
						TestTargetID = 69096CFD2D595A8600D80ED6;
					};
					69096D172D595A8700D80ED6 = {
						CreatedOnToolsVersion = 16.2;
						TestTargetID = 69096CFD2D595A8600D80ED6;
					};
				};
			};
			buildConfigurationList = 69096CF92D595A8600D80ED6 /* Build configuration list for PBXProject "RETIREMENT" */;
			developmentRegion = en;
			hasScannedForEncodings = 0;
			knownRegions = (
				en,
				Base,
			);
			mainGroup = 69096CF52D595A8600D80ED6;
			minimizedProjectReferenceProxies = 1;
			preferredProjectObjectVersion = 77;
			productRefGroup = 69096CFF2D595A8600D80ED6 /* Products */;
			projectDirPath = "";
			projectRoot = "";
			targets = (
				69096CFD2D595A8600D80ED6 /* RETIREMENT */,
				69096D0D2D595A8700D80ED6 /* RETIREMENTTests */,
				69096D172D595A8700D80ED6 /* RETIREMENTUITests */,
			);
		};
/* End PBXProject section */

/* Begin PBXResourcesBuildPhase section */
		69096CFC2D595A8600D80ED6 /* Resources */ = {
			isa = PBXResourcesBuildPhase;
			buildActionMask = 2147483647;
			files = (
			);
			runOnlyForDeploymentPostprocessing = 0;
		};
		69096D0C2D595A8700D80ED6 /* Resources */ = {
			isa = PBXResourcesBuildPhase;
			buildActionMask = 2147483647;
			files = (
			);
			runOnlyForDeploymentPostprocessing = 0;
		};
		69096D162D595A8700D80ED6 /* Resources */ = {
			isa = PBXResourcesBuildPhase;
			buildActionMask = 2147483647;
			files = (
			);
			runOnlyForDeploymentPostprocessing = 0;
		};
/* End PBXResourcesBuildPhase section */

/* Begin PBXShellScriptBuildPhase section */
		011F45AC99B6093AB94202AF /* [CP] Copy Pods Resources */ = {
			isa = PBXShellScriptBuildPhase;
			buildActionMask = 2147483647;
			files = (
			);
			inputFileListPaths = (
				"${PODS_ROOT}/Target Support Files/Pods-RETIREMENT/Pods-RETIREMENT-resources-${CONFIGURATION}-input-files.xcfilelist",
			);
			name = "[CP] Copy Pods Resources";
			outputFileListPaths = (
				"${PODS_ROOT}/Target Support Files/Pods-RETIREMENT/Pods-RETIREMENT-resources-${CONFIGURATION}-output-files.xcfilelist",
			);
			runOnlyForDeploymentPostprocessing = 0;
			shellPath = /bin/sh;
			shellScript = "\"${PODS_ROOT}/Target Support Files/Pods-RETIREMENT/Pods-RETIREMENT-resources.sh\"\n";
			showEnvVarsInLog = 0;
		};
		2BF3A03E8A44A70F5BBAAD5E /* [CP] Check Pods Manifest.lock */ = {
			isa = PBXShellScriptBuildPhase;
			buildActionMask = 2147483647;
			files = (
			);
			inputFileListPaths = (
			);
			inputPaths = (
				"${PODS_PODFILE_DIR_PATH}/Podfile.lock",
				"${PODS_ROOT}/Manifest.lock",
			);
			name = "[CP] Check Pods Manifest.lock";
			outputFileListPaths = (
			);
			outputPaths = (
				"$(DERIVED_FILE_DIR)/Pods-RETIREMENTTests-checkManifestLockResult.txt",
			);
			runOnlyForDeploymentPostprocessing = 0;
			shellPath = /bin/sh;
			shellScript = "diff \"${PODS_PODFILE_DIR_PATH}/Podfile.lock\" \"${PODS_ROOT}/Manifest.lock\" > /dev/null\nif [ $? != 0 ] ; then\n    # print error to STDERR\n    echo \"error: The sandbox is not in sync with the Podfile.lock. Run 'pod install' or update your CocoaPods installation.\" >&2\n    exit 1\nfi\n# This output is used by Xcode 'outputs' to avoid re-running this script phase.\necho \"SUCCESS\" > \"${SCRIPT_OUTPUT_FILE_0}\"\n";
			showEnvVarsInLog = 0;
		};
		406DCC826CDE7A3C3536C375 /* [CP] Check Pods Manifest.lock */ = {
			isa = PBXShellScriptBuildPhase;
			buildActionMask = 2147483647;
			files = (
			);
			inputFileListPaths = (
			);
			inputPaths = (
				"${PODS_PODFILE_DIR_PATH}/Podfile.lock",
				"${PODS_ROOT}/Manifest.lock",
			);
			name = "[CP] Check Pods Manifest.lock";
			outputFileListPaths = (
			);
			outputPaths = (
				"$(DERIVED_FILE_DIR)/Pods-RETIREMENT-RETIREMENTUITests-checkManifestLockResult.txt",
			);
			runOnlyForDeploymentPostprocessing = 0;
			shellPath = /bin/sh;
			shellScript = "diff \"${PODS_PODFILE_DIR_PATH}/Podfile.lock\" \"${PODS_ROOT}/Manifest.lock\" > /dev/null\nif [ $? != 0 ] ; then\n    # print error to STDERR\n    echo \"error: The sandbox is not in sync with the Podfile.lock. Run 'pod install' or update your CocoaPods installation.\" >&2\n    exit 1\nfi\n# This output is used by Xcode 'outputs' to avoid re-running this script phase.\necho \"SUCCESS\" > \"${SCRIPT_OUTPUT_FILE_0}\"\n";
			showEnvVarsInLog = 0;
		};
		C54272763A8D27CB419B83FC /* [CP] Check Pods Manifest.lock */ = {
			isa = PBXShellScriptBuildPhase;
			buildActionMask = 2147483647;
			files = (
			);
			inputFileListPaths = (
			);
			inputPaths = (
				"${PODS_PODFILE_DIR_PATH}/Podfile.lock",
				"${PODS_ROOT}/Manifest.lock",
			);
			name = "[CP] Check Pods Manifest.lock";
			outputFileListPaths = (
			);
			outputPaths = (
				"$(DERIVED_FILE_DIR)/Pods-RETIREMENT-checkManifestLockResult.txt",
			);
			runOnlyForDeploymentPostprocessing = 0;
			shellPath = /bin/sh;
			shellScript = "diff \"${PODS_PODFILE_DIR_PATH}/Podfile.lock\" \"${PODS_ROOT}/Manifest.lock\" > /dev/null\nif [ $? != 0 ] ; then\n    # print error to STDERR\n    echo \"error: The sandbox is not in sync with the Podfile.lock. Run 'pod install' or update your CocoaPods installation.\" >&2\n    exit 1\nfi\n# This output is used by Xcode 'outputs' to avoid re-running this script phase.\necho \"SUCCESS\" > \"${SCRIPT_OUTPUT_FILE_0}\"\n";
			showEnvVarsInLog = 0;
		};
		F4E7C8E42884855A58307FF8 /* [CP] Copy Pods Resources */ = {
			isa = PBXShellScriptBuildPhase;
			buildActionMask = 2147483647;
			files = (
			);
			inputFileListPaths = (
				"${PODS_ROOT}/Target Support Files/Pods-RETIREMENT-RETIREMENTUITests/Pods-RETIREMENT-RETIREMENTUITests-resources-${CONFIGURATION}-input-files.xcfilelist",
			);
			name = "[CP] Copy Pods Resources";
			outputFileListPaths = (
				"${PODS_ROOT}/Target Support Files/Pods-RETIREMENT-RETIREMENTUITests/Pods-RETIREMENT-RETIREMENTUITests-resources-${CONFIGURATION}-output-files.xcfilelist",
			);
			runOnlyForDeploymentPostprocessing = 0;
			shellPath = /bin/sh;
			shellScript = "\"${PODS_ROOT}/Target Support Files/Pods-RETIREMENT-RETIREMENTUITests/Pods-RETIREMENT-RETIREMENTUITests-resources.sh\"\n";
			showEnvVarsInLog = 0;
		};
/* End PBXShellScriptBuildPhase section */

/* Begin PBXSourcesBuildPhase section */
		69096CFA2D595A8600D80ED6 /* Sources */ = {
			isa = PBXSourcesBuildPhase;
			buildActionMask = 2147483647;
			files = (
			);
			runOnlyForDeploymentPostprocessing = 0;
		};
		69096D0A2D595A8700D80ED6 /* Sources */ = {
			isa = PBXSourcesBuildPhase;
			buildActionMask = 2147483647;
			files = (
			);
			runOnlyForDeploymentPostprocessing = 0;
		};
		69096D142D595A8700D80ED6 /* Sources */ = {
			isa = PBXSourcesBuildPhase;
			buildActionMask = 2147483647;
			files = (
			);
			runOnlyForDeploymentPostprocessing = 0;
		};
/* End PBXSourcesBuildPhase section */

/* Begin PBXTargetDependency section */
		69096D102D595A8700D80ED6 /* PBXTargetDependency */ = {
			isa = PBXTargetDependency;
			target = 69096CFD2D595A8600D80ED6 /* RETIREMENT */;
			targetProxy = 69096D0F2D595A8700D80ED6 /* PBXContainerItemProxy */;
		};
		69096D1A2D595A8700D80ED6 /* PBXTargetDependency */ = {
			isa = PBXTargetDependency;
			target = 69096CFD2D595A8600D80ED6 /* RETIREMENT */;
			targetProxy = 69096D192D595A8700D80ED6 /* PBXContainerItemProxy */;
		};
/* End PBXTargetDependency section */

/* Begin XCBuildConfiguration section */
		69096D202D595A8700D80ED6 /* Debug */ = {
			isa = XCBuildConfiguration;
			buildSettings = {
				ALWAYS_SEARCH_USER_PATHS = NO;
				ASSETCATALOG_COMPILER_GENERATE_SWIFT_ASSET_SYMBOL_EXTENSIONS = YES;
				CLANG_ANALYZER_NONNULL = YES;
				CLANG_ANALYZER_NUMBER_OBJECT_CONVERSION = YES_AGGRESSIVE;
				CLANG_CXX_LANGUAGE_STANDARD = "gnu++20";
				CLANG_ENABLE_MODULES = YES;
				CLANG_ENABLE_OBJC_ARC = YES;
				CLANG_ENABLE_OBJC_WEAK = YES;
				CLANG_WARN_BLOCK_CAPTURE_AUTORELEASING = YES;
				CLANG_WARN_BOOL_CONVERSION = YES;
				CLANG_WARN_COMMA = YES;
				CLANG_WARN_CONSTANT_CONVERSION = YES;
				CLANG_WARN_DEPRECATED_OBJC_IMPLEMENTATIONS = YES;
				CLANG_WARN_DIRECT_OBJC_ISA_USAGE = YES_ERROR;
				CLANG_WARN_DOCUMENTATION_COMMENTS = YES;
				CLANG_WARN_EMPTY_BODY = YES;
				CLANG_WARN_ENUM_CONVERSION = YES;
				CLANG_WARN_INFINITE_RECURSION = YES;
				CLANG_WARN_INT_CONVERSION = YES;
				CLANG_WARN_NON_LITERAL_NULL_CONVERSION = YES;
				CLANG_WARN_OBJC_IMPLICIT_RETAIN_SELF = YES;
				CLANG_WARN_OBJC_LITERAL_CONVERSION = YES;
				CLANG_WARN_OBJC_ROOT_CLASS = YES_ERROR;
				CLANG_WARN_QUOTED_INCLUDE_IN_FRAMEWORK_HEADER = YES;
				CLANG_WARN_RANGE_LOOP_ANALYSIS = YES;
				CLANG_WARN_STRICT_PROTOTYPES = YES;
				CLANG_WARN_SUSPICIOUS_MOVE = YES;
				CLANG_WARN_UNGUARDED_AVAILABILITY = YES_AGGRESSIVE;
				CLANG_WARN_UNREACHABLE_CODE = YES;
				CLANG_WARN__DUPLICATE_METHOD_MATCH = YES;
				COPY_PHASE_STRIP = NO;
				DEBUG_INFORMATION_FORMAT = dwarf;
				ENABLE_STRICT_OBJC_MSGSEND = YES;
				ENABLE_TESTABILITY = YES;
				ENABLE_USER_SCRIPT_SANDBOXING = YES;
				GCC_C_LANGUAGE_STANDARD = gnu17;
				GCC_DYNAMIC_NO_PIC = NO;
				GCC_NO_COMMON_BLOCKS = YES;
				GCC_OPTIMIZATION_LEVEL = 0;
				GCC_PREPROCESSOR_DEFINITIONS = (
					"DEBUG=1",
					"$(inherited)",
				);
				GCC_WARN_64_TO_32_BIT_CONVERSION = YES;
				GCC_WARN_ABOUT_RETURN_TYPE = YES_ERROR;
				GCC_WARN_UNDECLARED_SELECTOR = YES;
				GCC_WARN_UNINITIALIZED_AUTOS = YES_AGGRESSIVE;
				GCC_WARN_UNUSED_FUNCTION = YES;
				GCC_WARN_UNUSED_VARIABLE = YES;
				IPHONEOS_DEPLOYMENT_TARGET = 18.2;
				LOCALIZATION_PREFERS_STRING_CATALOGS = YES;
				MTL_ENABLE_DEBUG_INFO = INCLUDE_SOURCE;
				MTL_FAST_MATH = YES;
				ONLY_ACTIVE_ARCH = YES;
				SDKROOT = iphoneos;
				SWIFT_ACTIVE_COMPILATION_CONDITIONS = "DEBUG $(inherited)";
				SWIFT_OPTIMIZATION_LEVEL = "-Onone";
			};
			name = Debug;
		};
		69096D212D595A8700D80ED6 /* Release */ = {
			isa = XCBuildConfiguration;
			buildSettings = {
				ALWAYS_SEARCH_USER_PATHS = NO;
				ASSETCATALOG_COMPILER_GENERATE_SWIFT_ASSET_SYMBOL_EXTENSIONS = YES;
				CLANG_ANALYZER_NONNULL = YES;
				CLANG_ANALYZER_NUMBER_OBJECT_CONVERSION = YES_AGGRESSIVE;
				CLANG_CXX_LANGUAGE_STANDARD = "gnu++20";
				CLANG_ENABLE_MODULES = YES;
				CLANG_ENABLE_OBJC_ARC = YES;
				CLANG_ENABLE_OBJC_WEAK = YES;
				CLANG_WARN_BLOCK_CAPTURE_AUTORELEASING = YES;
				CLANG_WARN_BOOL_CONVERSION = YES;
				CLANG_WARN_COMMA = YES;
				CLANG_WARN_CONSTANT_CONVERSION = YES;
				CLANG_WARN_DEPRECATED_OBJC_IMPLEMENTATIONS = YES;
				CLANG_WARN_DIRECT_OBJC_ISA_USAGE = YES_ERROR;
				CLANG_WARN_DOCUMENTATION_COMMENTS = YES;
				CLANG_WARN_EMPTY_BODY = YES;
				CLANG_WARN_ENUM_CONVERSION = YES;
				CLANG_WARN_INFINITE_RECURSION = YES;
				CLANG_WARN_INT_CONVERSION = YES;
				CLANG_WARN_NON_LITERAL_NULL_CONVERSION = YES;
				CLANG_WARN_OBJC_IMPLICIT_RETAIN_SELF = YES;
				CLANG_WARN_OBJC_LITERAL_CONVERSION = YES;
				CLANG_WARN_OBJC_ROOT_CLASS = YES_ERROR;
				CLANG_WARN_QUOTED_INCLUDE_IN_FRAMEWORK_HEADER = YES;
				CLANG_WARN_RANGE_LOOP_ANALYSIS = YES;
				CLANG_WARN_STRICT_PROTOTYPES = YES;
				CLANG_WARN_SUSPICIOUS_MOVE = YES;
				CLANG_WARN_UNGUARDED_AVAILABILITY = YES_AGGRESSIVE;
				CLANG_WARN_UNREACHABLE_CODE = YES;
				CLANG_WARN__DUPLICATE_METHOD_MATCH = YES;
				COPY_PHASE_STRIP = NO;
				DEBUG_INFORMATION_FORMAT = "dwarf-with-dsym";
				ENABLE_NS_ASSERTIONS = NO;
				ENABLE_STRICT_OBJC_MSGSEND = YES;
				ENABLE_USER_SCRIPT_SANDBOXING = YES;
				GCC_C_LANGUAGE_STANDARD = gnu17;
				GCC_NO_COMMON_BLOCKS = YES;
				GCC_WARN_64_TO_32_BIT_CONVERSION = YES;
				GCC_WARN_ABOUT_RETURN_TYPE = YES_ERROR;
				GCC_WARN_UNDECLARED_SELECTOR = YES;
				GCC_WARN_UNINITIALIZED_AUTOS = YES_AGGRESSIVE;
				GCC_WARN_UNUSED_FUNCTION = YES;
				GCC_WARN_UNUSED_VARIABLE = YES;
				IPHONEOS_DEPLOYMENT_TARGET = 18.2;
				LOCALIZATION_PREFERS_STRING_CATALOGS = YES;
				MTL_ENABLE_DEBUG_INFO = NO;
				MTL_FAST_MATH = YES;
				SDKROOT = iphoneos;
				SWIFT_COMPILATION_MODE = wholemodule;
				VALIDATE_PRODUCT = YES;
			};
			name = Release;
		};
		69096D232D595A8700D80ED6 /* Debug */ = {
			isa = XCBuildConfiguration;
			baseConfigurationReference = CA16AFFD2B24D256C347EDF8 /* Pods-RETIREMENT.debug.xcconfig */;
			buildSettings = {
				ASSETCATALOG_COMPILER_APPICON_NAME = AppIcon;
				ASSETCATALOG_COMPILER_GLOBAL_ACCENT_COLOR_NAME = AccentColor;
				CODE_SIGN_STYLE = Automatic;
				CURRENT_PROJECT_VERSION = 1;
				DEVELOPMENT_ASSET_PATHS = "\"RETIREMENT/Preview Content\"";
				DEVELOPMENT_TEAM = SHLF9JQ9DB;
				ENABLE_PREVIEWS = YES;
				ENABLE_USER_SCRIPT_SANDBOXING = NO;
				GENERATE_INFOPLIST_FILE = YES;
				INFOPLIST_FILE = RETIREMENT/Info.plist;
				INFOPLIST_KEY_UIApplicationSceneManifest_Generation = YES;
				INFOPLIST_KEY_UIApplicationSupportsIndirectInputEvents = YES;
				INFOPLIST_KEY_UILaunchScreen_Generation = YES;
				INFOPLIST_KEY_UISupportedInterfaceOrientations_iPad = "UIInterfaceOrientationPortrait UIInterfaceOrientationPortraitUpsideDown UIInterfaceOrientationLandscapeLeft UIInterfaceOrientationLandscapeRight";
				INFOPLIST_KEY_UISupportedInterfaceOrientations_iPhone = "UIInterfaceOrientationPortrait UIInterfaceOrientationLandscapeLeft UIInterfaceOrientationLandscapeRight";
				IPHONEOS_DEPLOYMENT_TARGET = 15.6;
				LD_RUNPATH_SEARCH_PATHS = (
					"$(inherited)",
					"@executable_path/Frameworks",
				);
				MARKETING_VERSION = 1.0;
				PRODUCT_BUNDLE_IDENTIFIER = com.jairramirezgaston.RETIREMENT;
				PRODUCT_NAME = "$(TARGET_NAME)";
				SWIFT_EMIT_LOC_STRINGS = YES;
				SWIFT_VERSION = 5.0;
				TARGETED_DEVICE_FAMILY = "1,2";
			};
			name = Debug;
		};
		69096D242D595A8700D80ED6 /* Release */ = {
			isa = XCBuildConfiguration;
			baseConfigurationReference = DAC1BFC58A4A32CEAB98EC20 /* Pods-RETIREMENT.release.xcconfig */;
			buildSettings = {
				ASSETCATALOG_COMPILER_APPICON_NAME = AppIcon;
				ASSETCATALOG_COMPILER_GLOBAL_ACCENT_COLOR_NAME = AccentColor;
				CODE_SIGN_STYLE = Automatic;
				CURRENT_PROJECT_VERSION = 1;
				DEVELOPMENT_ASSET_PATHS = "\"RETIREMENT/Preview Content\"";
				DEVELOPMENT_TEAM = SHLF9JQ9DB;
				ENABLE_PREVIEWS = YES;
				ENABLE_USER_SCRIPT_SANDBOXING = NO;
				GENERATE_INFOPLIST_FILE = YES;
				INFOPLIST_FILE = RETIREMENT/Info.plist;
				INFOPLIST_KEY_UIApplicationSceneManifest_Generation = YES;
				INFOPLIST_KEY_UIApplicationSupportsIndirectInputEvents = YES;
				INFOPLIST_KEY_UILaunchScreen_Generation = YES;
				INFOPLIST_KEY_UISupportedInterfaceOrientations_iPad = "UIInterfaceOrientationPortrait UIInterfaceOrientationPortraitUpsideDown UIInterfaceOrientationLandscapeLeft UIInterfaceOrientationLandscapeRight";
				INFOPLIST_KEY_UISupportedInterfaceOrientations_iPhone = "UIInterfaceOrientationPortrait UIInterfaceOrientationLandscapeLeft UIInterfaceOrientationLandscapeRight";
				IPHONEOS_DEPLOYMENT_TARGET = 15.6;
				LD_RUNPATH_SEARCH_PATHS = (
					"$(inherited)",
					"@executable_path/Frameworks",
				);
				MARKETING_VERSION = 1.0;
				PRODUCT_BUNDLE_IDENTIFIER = com.jairramirezgaston.RETIREMENT;
				PRODUCT_NAME = "$(TARGET_NAME)";
				SWIFT_EMIT_LOC_STRINGS = YES;
				SWIFT_VERSION = 5.0;
				TARGETED_DEVICE_FAMILY = "1,2";
			};
			name = Release;
		};
		69096D262D595A8700D80ED6 /* Debug */ = {
			isa = XCBuildConfiguration;
			baseConfigurationReference = DA42FD36BEAB6720AFC1C796 /* Pods-RETIREMENTTests.debug.xcconfig */;
			buildSettings = {
				BUNDLE_LOADER = "$(TEST_HOST)";
				CODE_SIGN_STYLE = Automatic;
				CURRENT_PROJECT_VERSION = 1;
				DEVELOPMENT_TEAM = 9G888JR76L;
				GENERATE_INFOPLIST_FILE = YES;
				IPHONEOS_DEPLOYMENT_TARGET = 18.2;
				MARKETING_VERSION = 1.0;
				PRODUCT_BUNDLE_IDENTIFIER = com.jairramirezgaston.RETIREMENTTests;
				PRODUCT_NAME = "$(TARGET_NAME)";
				SWIFT_EMIT_LOC_STRINGS = NO;
				SWIFT_VERSION = 5.0;
				TARGETED_DEVICE_FAMILY = "1,2";
				TEST_HOST = "$(BUILT_PRODUCTS_DIR)/RETIREMENT.app/$(BUNDLE_EXECUTABLE_FOLDER_PATH)/RETIREMENT";
			};
			name = Debug;
		};
		69096D272D595A8700D80ED6 /* Release */ = {
			isa = XCBuildConfiguration;
			baseConfigurationReference = 2A868BE24B711B22DCD40E6A /* Pods-RETIREMENTTests.release.xcconfig */;
			buildSettings = {
				BUNDLE_LOADER = "$(TEST_HOST)";
				CODE_SIGN_STYLE = Automatic;
				CURRENT_PROJECT_VERSION = 1;
				DEVELOPMENT_TEAM = 9G888JR76L;
				GENERATE_INFOPLIST_FILE = YES;
				IPHONEOS_DEPLOYMENT_TARGET = 18.2;
				MARKETING_VERSION = 1.0;
				PRODUCT_BUNDLE_IDENTIFIER = com.jairramirezgaston.RETIREMENTTests;
				PRODUCT_NAME = "$(TARGET_NAME)";
				SWIFT_EMIT_LOC_STRINGS = NO;
				SWIFT_VERSION = 5.0;
				TARGETED_DEVICE_FAMILY = "1,2";
				TEST_HOST = "$(BUILT_PRODUCTS_DIR)/RETIREMENT.app/$(BUNDLE_EXECUTABLE_FOLDER_PATH)/RETIREMENT";
			};
			name = Release;
		};
		69096D292D595A8700D80ED6 /* Debug */ = {
			isa = XCBuildConfiguration;
			baseConfigurationReference = 434287EC3608BB1FABCCA797 /* Pods-RETIREMENT-RETIREMENTUITests.debug.xcconfig */;
			buildSettings = {
				CODE_SIGN_STYLE = Automatic;
				CURRENT_PROJECT_VERSION = 1;
				DEVELOPMENT_TEAM = 9G888JR76L;
				GENERATE_INFOPLIST_FILE = YES;
				MARKETING_VERSION = 1.0;
				PRODUCT_BUNDLE_IDENTIFIER = com.jairramirezgaston.RETIREMENTUITests;
				PRODUCT_NAME = "$(TARGET_NAME)";
				SWIFT_EMIT_LOC_STRINGS = NO;
				SWIFT_VERSION = 5.0;
				TARGETED_DEVICE_FAMILY = "1,2";
				TEST_TARGET_NAME = RETIREMENT;
			};
			name = Debug;
		};
		69096D2A2D595A8700D80ED6 /* Release */ = {
			isa = XCBuildConfiguration;
			baseConfigurationReference = ACEBE1DE6F35A78D205A3571 /* Pods-RETIREMENT-RETIREMENTUITests.release.xcconfig */;
			buildSettings = {
				CODE_SIGN_STYLE = Automatic;
				CURRENT_PROJECT_VERSION = 1;
				DEVELOPMENT_TEAM = 9G888JR76L;
				GENERATE_INFOPLIST_FILE = YES;
				MARKETING_VERSION = 1.0;
				PRODUCT_BUNDLE_IDENTIFIER = com.jairramirezgaston.RETIREMENTUITests;
				PRODUCT_NAME = "$(TARGET_NAME)";
				SWIFT_EMIT_LOC_STRINGS = NO;
				SWIFT_VERSION = 5.0;
				TARGETED_DEVICE_FAMILY = "1,2";
				TEST_TARGET_NAME = RETIREMENT;
			};
			name = Release;
		};
/* End XCBuildConfiguration section */

/* Begin XCConfigurationList section */
		69096CF92D595A8600D80ED6 /* Build configuration list for PBXProject "RETIREMENT" */ = {
			isa = XCConfigurationList;
			buildConfigurations = (
				69096D202D595A8700D80ED6 /* Debug */,
				69096D212D595A8700D80ED6 /* Release */,
			);
			defaultConfigurationIsVisible = 0;
			defaultConfigurationName = Release;
		};
		69096D222D595A8700D80ED6 /* Build configuration list for PBXNativeTarget "RETIREMENT" */ = {
			isa = XCConfigurationList;
			buildConfigurations = (
				69096D232D595A8700D80ED6 /* Debug */,
				69096D242D595A8700D80ED6 /* Release */,
			);
			defaultConfigurationIsVisible = 0;
			defaultConfigurationName = Release;
		};
		69096D252D595A8700D80ED6 /* Build configuration list for PBXNativeTarget "RETIREMENTTests" */ = {
			isa = XCConfigurationList;
			buildConfigurations = (
				69096D262D595A8700D80ED6 /* Debug */,
				69096D272D595A8700D80ED6 /* Release */,
			);
			defaultConfigurationIsVisible = 0;
			defaultConfigurationName = Release;
		};
		69096D282D595A8700D80ED6 /* Build configuration list for PBXNativeTarget "RETIREMENTUITests" */ = {
			isa = XCConfigurationList;
			buildConfigurations = (
				69096D292D595A8700D80ED6 /* Debug */,
				69096D2A2D595A8700D80ED6 /* Release */,
			);
			defaultConfigurationIsVisible = 0;
			defaultConfigurationName = Release;
		};
/* End XCConfigurationList section */
	};
	rootObject = 69096CF62D595A8600D80ED6 /* Project object */;
}
